
Microsoft Visual Studio Solution File, Format Version 12.00
Project("{FAE04EC0-301F-11D3-BF4B-00C04F79EFBC}") = "WebsiteApi", "WebsiteApi\WebsiteApi\WebsiteApi.csproj", "{0955810A-069E-486E-8E77-C787958AB0D7}"
EndProject
Project("{FAE04EC0-301F-11D3-BF4B-00C04F79EFBC}") = "WebsiteApi.Tests", "WebsiteApi\WebsiteApi.Tests\WebsiteApi.Tests.csproj", "{739C3526-91C4-46C1-B8D8-126270CFE933}"
EndProject
Project("{2150E333-8FDC-42A3-9474-1A3956D46DE8}") = "SolutionItems", "SolutionItems", "{AF23B4C6-8083-4850-B0FD-FF965C5FBF68}"
ProjectSection(SolutionItems) = preProject
	Dockerfile = Dockerfile
	.dockerignore = .dockerignore
EndProjectSection
EndProject
Global
	GlobalSection(SolutionConfigurationPlatforms) = preSolution
		Debug|Any CPU = Debug|Any CPU
		Release|Any CPU = Release|Any CPU
	EndGlobalSection
	GlobalSection(ProjectConfigurationPlatforms) = postSolution
		{0955810A-069E-486E-8E77-C787958AB0D7}.Debug|Any CPU.ActiveCfg = Debug|Any CPU
		{0955810A-069E-486E-8E77-C787958AB0D7}.Debug|Any CPU.Build.0 = Debug|Any CPU
		{0955810A-069E-486E-8E77-C787958AB0D7}.Release|Any CPU.ActiveCfg = Release|Any CPU
		{0955810A-069E-486E-8E77-C787958AB0D7}.Release|Any CPU.Build.0 = Release|Any CPU
		{739C3526-91C4-46C1-B8D8-126270CFE933}.Debug|Any CPU.ActiveCfg = Debug|Any CPU
		{739C3526-91C4-46C1-B8D8-126270CFE933}.Debug|Any CPU.Build.0 = Debug|Any CPU
		{739C3526-91C4-46C1-B8D8-126270CFE933}.Release|Any CPU.ActiveCfg = Release|Any CPU
		{739C3526-91C4-46C1-B8D8-126270CFE933}.Release|Any CPU.Build.0 = Release|Any CPU
	EndGlobalSection
EndGlobal
